{
  "name": "wordgroupcount",
  "version": "1.0.1",
  "lockfileVersion": 1,
  "requires": true,
  "dependencies": {
    "@types/dotenv": {
      "version": "6.1.1",
      "resolved": "https://registry.npmjs.org/@types/dotenv/-/dotenv-6.1.1.tgz",
      "integrity": "sha512-ftQl3DtBvqHl9L16tpqqzA4YzCSXZfi7g8cQceTz5rOlYtk/IZbFjAv3mLOQlNIgOaylCQWQoBdDQHPgEBJPHg==",
      "requires": {
        "@types/node": "11.13.7"
      }
    },
    "@types/minimist": {
      "version": "1.2.0",
      "resolved": "https://registry.npmjs.org/@types/minimist/-/minimist-1.2.0.tgz",
      "integrity": "sha1-aaI6OtKcrwCX8G7aWbNh7i8GOfY="
    },
    "@types/node": {
      "version": "11.13.7",
      "resolved": "https://registry.npmjs.org/@types/node/-/node-11.13.7.tgz",
      "integrity": "sha512-suFHr6hcA9mp8vFrZTgrmqW2ZU3mbWsryQtQlY/QvwTISCw7nw/j+bCQPPohqmskhmqa5wLNuMHTTsc+xf1MQg=="
    },
    "@types/properties-reader": {
      "version": "0.0.1",
      "resolved": "https://registry.npmjs.org/@types/properties-reader/-/properties-reader-0.0.1.tgz",
      "integrity": "sha512-uhOYv4GJo1GjinM1U9AztqoqBkPTJ5E82gC/7yR6LJCyu2JnX8/8wyiDwAFoDJhjvPRtczkrvHorv74+P7xgOg=="
    },
    "bibtex2json": {
      "version": "0.1.0-1",
      "resolved": "https://registry.npmjs.org/bibtex2json/-/bibtex2json-0.1.0-1.tgz",
      "integrity": "sha512-ew2UEb+LX51GBSew2IXp3qtII76i4dk277osoAJTdPlJPvwjo+2knS08iXLXL38K9jOM7zxKCkGiWzseHH4IaQ==",
      "requires": {
        "xml2js": "0.4.19"
      }
    },
    "dotenv": {
      "version": "8.0.0",
      "resolved": "https://registry.npmjs.org/dotenv/-/dotenv-8.0.0.tgz",
      "integrity": "sha512-30xVGqjLjiUOArT4+M5q9sYdvuR4riM6yK9wMcas9Vbp6zZa+ocC9dp6QoftuhTPhFAiLK/0C5Ni2nou/Bk8lg=="
    },
    "fs": {
      "version": "0.0.1-security",
      "resolved": "https://registry.npmjs.org/fs/-/fs-0.0.1-security.tgz",
      "integrity": "sha1-invTcYa23d84E/I4WLV+yq9eQdQ="
    },
    "minimist": {
      "version": "1.2.0",
      "resolved": "https://registry.npmjs.org/minimist/-/minimist-1.2.0.tgz",
      "integrity": "sha1-o1AIsg9BOD7sH7kU9M1d95omQoQ="
    },
    "sax": {
      "version": "1.2.4",
      "resolved": "https://registry.npmjs.org/sax/-/sax-1.2.4.tgz",
      "integrity": "sha512-NqVDv9TpANUjFm0N8uM5GxL36UgKi9/atZw+x7YFnQ8ckwFGKrl4xX4yWtrey3UJm5nP1kUbnYgLopqWNSRhWw=="
    },
    "typescript": {
      "version": "3.4.5",
      "resolved": "https://registry.npmjs.org/typescript/-/typescript-3.4.5.tgz",
      "integrity": "sha512-YycBxUb49UUhdNMU5aJ7z5Ej2XGmaIBL0x34vZ82fn3hGvD+bgrMrVDpatgz2f7YxUMJxMkbWxJZeAvDxVe7Vw=="
    },
    "underscore": {
      "version": "1.9.1",
      "resolved": "https://registry.npmjs.org/underscore/-/underscore-1.9.1.tgz",
      "integrity": "sha512-5/4etnCkd9c8gwgowi5/om/mYO5ajCaOgdzj/oW+0eQV9WxKBDZw5+ycmKmeaTXjInS/W0BzpGLo2xR2aBwZdg=="
    },
    "xml2js": {
      "version": "0.4.19",
      "resolved": "https://registry.npmjs.org/xml2js/-/xml2js-0.4.19.tgz",
      "integrity": "sha512-esZnJZJOiJR9wWKMyuvSE1y6Dq5LCuJanqhxslH2bxM6duahNZ+HMpCLhBQGZkbX6xRf8x1Y2eJlgt2q3qo49Q==",
      "requires": {
        "sax": "1.2.4",
        "xmlbuilder": "9.0.7"
      }
    },
    "xmlbuilder": {
      "version": "9.0.7",
      "resolved": "https://registry.npmjs.org/xmlbuilder/-/xmlbuilder-9.0.7.tgz",
      "integrity": "sha1-Ey7mPS7FVlxVfiD0wi35rKaGsQ0="
    }
  }
}
