{
  "name": "wordgroupcount",
  "version": "1.0.1",
  "lockfileVersion": 1,
  "requires": true,
  "dependencies": {
    "@types/minimist": {
      "version": "1.2.0",
      "resolved": "https://registry.npmjs.org/@types/minimist/-/minimist-1.2.0.tgz",
      "integrity": "sha1-aaI6OtKcrwCX8G7aWbNh7i8GOfY="
    },
    "@types/node": {
      "version": "11.13.7",
      "resolved": "https://registry.npmjs.org/@types/node/-/node-11.13.7.tgz",
      "integrity": "sha512-suFHr6hcA9mp8vFrZTgrmqW2ZU3mbWsryQtQlY/QvwTISCw7nw/j+bCQPPohqmskhmqa5wLNuMHTTsc+xf1MQg=="
    },
    "@types/properties-reader": {
      "version": "0.0.1",
      "resolved": "https://registry.npmjs.org/@types/properties-reader/-/properties-reader-0.0.1.tgz",
      "integrity": "sha512-uhOYv4GJo1GjinM1U9AztqoqBkPTJ5E82gC/7yR6LJCyu2JnX8/8wyiDwAFoDJhjvPRtczkrvHorv74+P7xgOg=="
    },
    "fs": {
      "version": "0.0.1-security",
      "resolved": "https://registry.npmjs.org/fs/-/fs-0.0.1-security.tgz",
      "integrity": "sha1-invTcYa23d84E/I4WLV+yq9eQdQ="
    },
    "minimist": {
      "version": "1.2.0",
      "resolved": "https://registry.npmjs.org/minimist/-/minimist-1.2.0.tgz",
      "integrity": "sha1-o1AIsg9BOD7sH7kU9M1d95omQoQ="
    },
    "typescript": {
      "version": "3.4.5",
      "resolved": "https://registry.npmjs.org/typescript/-/typescript-3.4.5.tgz",
      "integrity": "sha512-YycBxUb49UUhdNMU5aJ7z5Ej2XGmaIBL0x34vZ82fn3hGvD+bgrMrVDpatgz2f7YxUMJxMkbWxJZeAvDxVe7Vw=="
    },
    "underscore": {
      "version": "1.9.1",
      "resolved": "https://registry.npmjs.org/underscore/-/underscore-1.9.1.tgz",
      "integrity": "sha512-5/4etnCkd9c8gwgowi5/om/mYO5ajCaOgdzj/oW+0eQV9WxKBDZw5+ycmKmeaTXjInS/W0BzpGLo2xR2aBwZdg=="
    }
  }
}
